
Microsoft Visual Studio Solution File, Format Version 12.00
# Visual Studio 15
VisualStudioVersion = 15.0.28010.2048
MinimumVisualStudioVersion = 10.0.40219.1
Project("{FAE04EC0-301F-11D3-BF4B-00C04F79EFBC}") = "CP500App", "CP500App\CP500App.csproj", "{47A78733-1CD6-41C9-ACDE-54A290733173}"
EndProject
Global
	GlobalSection(SolutionConfigurationPlatforms) = preSolution
		Debug|Any CPU = Debug|Any CPU
		Release|Any CPU = Release|Any CPU
	EndGlobalSection
	GlobalSection(ProjectConfigurationPlatforms) = postSolution
		{47A78733-1CD6-41C9-ACDE-54A290733173}.Debug|Any CPU.ActiveCfg = Debug|Any CPU
		{47A78733-1CD6-41C9-ACDE-54A290733173}.Debug|Any CPU.Build.0 = Debug|Any CPU
		{47A78733-1CD6-41C9-ACDE-54A290733173}.Release|Any CPU.ActiveCfg = Release|Any CPU
		{47A78733-1CD6-41C9-ACDE-54A290733173}.Release|Any CPU.Build.0 = Release|Any CPU
	EndGlobalSection
	GlobalSection(SolutionProperties) = preSolution
		HideSolutionNode = FALSE
	EndGlobalSection
	GlobalSection(ExtensibilityGlobals) = postSolution
		SolutionGuid = {8AFEF368-02B5-434A-8CBE-ECF94EBE05D6}
	EndGlobalSection
EndGlobal
